
Microsoft Visual Studio Solution File, Format Version 12.00
# Visual Studio Version 17
VisualStudioVersion = 17.5.33516.290
MinimumVisualStudioVersion = 10.0.40219.1
Project("{FAE04EC0-301F-11D3-BF4B-00C04F79EFBC}") = "BookStoreWebAPI", "BookStoreWebAPI\BookStoreWebAPI.csproj", "{37C230A2-FC6B-4834-9F54-480AE8DC513E}"
EndProject
Global
	GlobalSection(SolutionConfigurationPlatforms) = preSolution
		Debug|Any CPU = Debug|Any CPU
		Release|Any CPU = Release|Any CPU
	EndGlobalSection
	GlobalSection(ProjectConfigurationPlatforms) = postSolution
		{37C230A2-FC6B-4834-9F54-480AE8DC513E}.Debug|Any CPU.ActiveCfg = Debug|Any CPU
		{37C230A2-FC6B-4834-9F54-480AE8DC513E}.Debug|Any CPU.Build.0 = Debug|Any CPU
		{37C230A2-FC6B-4834-9F54-480AE8DC513E}.Release|Any CPU.ActiveCfg = Release|Any CPU
		{37C230A2-FC6B-4834-9F54-480AE8DC513E}.Release|Any CPU.Build.0 = Release|Any CPU
	EndGlobalSection
	GlobalSection(SolutionProperties) = preSolution
		HideSolutionNode = FALSE
	EndGlobalSection
	GlobalSection(ExtensibilityGlobals) = postSolution
		SolutionGuid = {00529A96-DA78-4797-AEB1-5BEE4EDE5010}
	EndGlobalSection
EndGlobal
